
Microsoft Visual Studio Solution File, Format Version 12.00
# Visual Studio Version 17
VisualStudioVersion = 17.3.32922.545
MinimumVisualStudioVersion = 10.0.40219.1
Project("{2150E333-8FDC-42A3-9474-1A3956D46DE8}") = "ExercicioFixacao001", "ExercicioFixacao001", "{2F2636F0-F25B-45C0-BF2F-C778D82CE2DF}"
EndProject
Project("{2150E333-8FDC-42A3-9474-1A3956D46DE8}") = "ExercicioFixacao002", "ExercicioFixacao002", "{0484A856-8246-4E6A-A549-88F9E26449B6}"
EndProject
Project("{2150E333-8FDC-42A3-9474-1A3956D46DE8}") = "ExercicioFixacao003", "ExercicioFixacao003", "{E9C3EDDF-15EE-4CF1-9381-56FA185F993A}"
EndProject
Project("{2150E333-8FDC-42A3-9474-1A3956D46DE8}") = "ExercicioFixacao004", "ExercicioFixacao004", "{348316BC-6750-4400-A407-4E64EB24B8C2}"
EndProject
Project("{2150E333-8FDC-42A3-9474-1A3956D46DE8}") = "ExercicioFixacao005", "ExercicioFixacao005", "{B02961E1-AA3C-475A-A365-E81DD270D71E}"
EndProject
Project("{2150E333-8FDC-42A3-9474-1A3956D46DE8}") = "ExercicioFixacao006", "ExercicioFixacao006", "{7BA40D3D-112D-4E56-8EF6-4331D5456C6B}"
EndProject
Project("{2150E333-8FDC-42A3-9474-1A3956D46DE8}") = "ExercicioFixacao007", "ExercicioFixacao007", "{1178E766-C3E8-4B98-9369-0FA8EA1197F9}"
EndProject
Project("{2150E333-8FDC-42A3-9474-1A3956D46DE8}") = "ExercicioFixacao008", "ExercicioFixacao008", "{D723780B-5413-4A9D-A829-128E7D53B4F0}"
EndProject
Project("{2150E333-8FDC-42A3-9474-1A3956D46DE8}") = "ExercicioFixacao009", "ExercicioFixacao009", "{71C1CA4D-AA27-406E-B9F6-89C42FFE2C1D}"
EndProject
Project("{2150E333-8FDC-42A3-9474-1A3956D46DE8}") = "ExercicioFixacao010", "ExercicioFixacao010", "{FC51FC85-D4AC-4D7A-BAA9-6118ACC58682}"
EndProject
Project("{9A19103F-16F7-4668-BE54-9A1E7A4F7556}") = "Ex001", "Ex001\Ex001.csproj", "{F44147BB-49B3-415A-B8DC-61DFB1B5EB5A}"
EndProject
Project("{9A19103F-16F7-4668-BE54-9A1E7A4F7556}") = "Ex002", "Ex002\Ex002.csproj", "{749B9A9C-29CF-4A01-889D-046D5EF169F5}"
EndProject
Project("{9A19103F-16F7-4668-BE54-9A1E7A4F7556}") = "Ex003", "Ex003\Ex003.csproj", "{826F4716-5BA3-4514-B4B9-8483907FFA44}"
EndProject
Project("{9A19103F-16F7-4668-BE54-9A1E7A4F7556}") = "Ex004", "Ex004\Ex004.csproj", "{35CFDCA2-0305-49E3-953C-99E0D3BEC069}"
EndProject
Project("{9A19103F-16F7-4668-BE54-9A1E7A4F7556}") = "Ex005", "Ex005\Ex005.csproj", "{C702558D-D8C0-474F-B5A2-7CC4A1866263}"
EndProject
Project("{9A19103F-16F7-4668-BE54-9A1E7A4F7556}") = "Ex006", "Ex006\Ex006.csproj", "{5905D125-F7CD-4A0B-AF2F-25A621A645AB}"
EndProject
Project("{9A19103F-16F7-4668-BE54-9A1E7A4F7556}") = "Ex007", "Ex007\Ex007.csproj", "{476347AA-F377-4971-8AAF-5FE28D60DA17}"
EndProject
Project("{9A19103F-16F7-4668-BE54-9A1E7A4F7556}") = "Ex008", "Ex008\Ex008.csproj", "{AF244F05-3958-4E87-80D3-4DE0B64B2ED6}"
EndProject
Project("{9A19103F-16F7-4668-BE54-9A1E7A4F7556}") = "Ex009", "Ex009\Ex009.csproj", "{C8C9ADA9-2F45-4386-BBB0-F642BF8108D3}"
EndProject
Project("{9A19103F-16F7-4668-BE54-9A1E7A4F7556}") = "Ex010", "Ex010\Ex010.csproj", "{5AAE21B5-8416-4BD7-8548-36159C620625}"
EndProject
Project("{9A19103F-16F7-4668-BE54-9A1E7A4F7556}") = "Ex011", "Ex011\Ex011.csproj", "{CD124DF1-4E85-472C-BFF6-4CF3FD896992}"
EndProject
Project("{9A19103F-16F7-4668-BE54-9A1E7A4F7556}") = "Ex012", "Ex012\Ex012.csproj", "{E47183A3-00C6-4524-B7E6-08389AA73241}"
EndProject
Project("{9A19103F-16F7-4668-BE54-9A1E7A4F7556}") = "Ex013", "Ex013\Ex013.csproj", "{C3F5756E-F2A1-4362-A583-989ADE69925D}"
EndProject
Project("{9A19103F-16F7-4668-BE54-9A1E7A4F7556}") = "Ex014", "Ex014\Ex014.csproj", "{EB127E36-1CD2-407F-9162-07F3697EA0F0}"
EndProject
Project("{9A19103F-16F7-4668-BE54-9A1E7A4F7556}") = "Ex015", "Ex015\Ex015.csproj", "{F2074677-01BD-482C-BB37-DB8158581259}"
EndProject
Project("{9A19103F-16F7-4668-BE54-9A1E7A4F7556}") = "Ex016", "Ex016\Ex016.csproj", "{50BD9C70-F928-4033-ADB4-C316AFEC8089}"
EndProject
Project("{9A19103F-16F7-4668-BE54-9A1E7A4F7556}") = "Ex017", "Ex017\Ex017.csproj", "{8BF6FAD3-24E4-4637-A2A8-266FBB3BA100}"
EndProject
Project("{9A19103F-16F7-4668-BE54-9A1E7A4F7556}") = "Ex018", "Ex018\Ex018.csproj", "{C7277FB3-E6ED-44ED-B202-6B478C4FBDFD}"
EndProject
Project("{9A19103F-16F7-4668-BE54-9A1E7A4F7556}") = "Ex019", "Ex019\Ex019.csproj", "{35BE0724-4AD0-4979-A19F-33E44E4D0005}"
EndProject
Project("{9A19103F-16F7-4668-BE54-9A1E7A4F7556}") = "Ex020", "Ex020\Ex020.csproj", "{0B30106F-F66C-4D7D-9520-8C3AE557B3B4}"
EndProject
Project("{9A19103F-16F7-4668-BE54-9A1E7A4F7556}") = "Ex021", "Ex021\Ex021.csproj", "{39E95EF7-DA82-45D2-B397-EDCEBF97CC01}"
EndProject
Project("{9A19103F-16F7-4668-BE54-9A1E7A4F7556}") = "Ex022", "Ex022\Ex022.csproj", "{9E601D93-BEDD-43AA-8D92-7C618CBFD80C}"
EndProject
Project("{9A19103F-16F7-4668-BE54-9A1E7A4F7556}") = "Ex023", "Ex023\Ex023.csproj", "{EB34E051-28BF-4ABF-8B7F-74A1F8241F9D}"
EndProject
Project("{9A19103F-16F7-4668-BE54-9A1E7A4F7556}") = "Ex024", "Ex024\Ex024.csproj", "{70F2887C-E40A-4DB6-9F2E-9B3A992C3EBA}"
EndProject
Project("{9A19103F-16F7-4668-BE54-9A1E7A4F7556}") = "Ex025", "Ex025\Ex025.csproj", "{D9D9D8D8-9D2E-4BC0-83A9-277D4AC57E42}"
EndProject
Project("{9A19103F-16F7-4668-BE54-9A1E7A4F7556}") = "Ex026", "Ex026\Ex026.csproj", "{FE16A2A8-1CBF-4B51-8C03-7B98055E1D36}"
EndProject
Project("{9A19103F-16F7-4668-BE54-9A1E7A4F7556}") = "Ex027", "Ex027\Ex027.csproj", "{5B06C7ED-1200-4077-B663-1C85FC06C458}"
EndProject
Project("{9A19103F-16F7-4668-BE54-9A1E7A4F7556}") = "Ex028", "Ex028\Ex028.csproj", "{49A33B43-4847-494A-AE18-1BA529D3F15A}"
EndProject
Project("{9A19103F-16F7-4668-BE54-9A1E7A4F7556}") = "Ex029", "Ex029\Ex029.csproj", "{91A9BB63-2140-4BC3-9378-731E812EB45A}"
EndProject
Project("{2150E333-8FDC-42A3-9474-1A3956D46DE8}") = "ProvaDeLogica", "ProvaDeLogica", "{2153C326-CEC7-4FFA-A068-0238B9CD501A}"
EndProject
Project("{9A19103F-16F7-4668-BE54-9A1E7A4F7556}") = "P01", "P01\P01.csproj", "{47EDBE2D-EE14-4E0F-8B10-7A5EBA6A7697}"
EndProject
Project("{9A19103F-16F7-4668-BE54-9A1E7A4F7556}") = "P02", "P02\P02.csproj", "{5802453E-4C76-41B5-B3FE-15849D5BB553}"
EndProject
Project("{9A19103F-16F7-4668-BE54-9A1E7A4F7556}") = "P03", "P03\P03.csproj", "{8124EA59-13A5-4D5A-9385-8251016F8B47}"
EndProject
Project("{9A19103F-16F7-4668-BE54-9A1E7A4F7556}") = "P04", "P04\P04.csproj", "{C2D33ECC-7002-43CF-B32D-00EE7A6C966F}"
EndProject
Project("{9A19103F-16F7-4668-BE54-9A1E7A4F7556}") = "P05", "P05\P05.csproj", "{6D307343-B1F7-4FBC-A896-280688DEFD28}"
EndProject
Project("{2150E333-8FDC-42A3-9474-1A3956D46DE8}") = "ExercicioFixacao011", "ExercicioFixacao011", "{4ADDA3B6-BBE5-49F8-B5F3-375632942CEB}"
EndProject
Project("{9A19103F-16F7-4668-BE54-9A1E7A4F7556}") = "Ex030", "Ex030\Ex030.csproj", "{10FC1137-2259-4232-AA46-221F12D60AFE}"
EndProject
Project("{2150E333-8FDC-42A3-9474-1A3956D46DE8}") = "ExercicioFixacao012", "ExercicioFixacao012", "{7EA358AC-5658-4D4F-B88C-14C7FF546225}"
EndProject
Project("{9A19103F-16F7-4668-BE54-9A1E7A4F7556}") = "Ex031", "Ex031\Ex031.csproj", "{BF626A91-240A-4F17-9284-B4B8D6A2939F}"
EndProject
Project("{2150E333-8FDC-42A3-9474-1A3956D46DE8}") = "ExercicioFixacao013", "ExercicioFixacao013", "{4FBED21B-0DF8-482F-B521-CC9781B4A7BF}"
EndProject
Project("{9A19103F-16F7-4668-BE54-9A1E7A4F7556}") = "Ex032", "Ex032\Ex032.csproj", "{67BB4EB6-DC17-4E9E-95DC-2CD2C55A5634}"
EndProject
Project("{2150E333-8FDC-42A3-9474-1A3956D46DE8}") = "ExercicioFixacao014", "ExercicioFixacao014", "{FE7EC991-4867-4702-B937-423ED9F71DAF}"
EndProject
Project("{9A19103F-16F7-4668-BE54-9A1E7A4F7556}") = "Ex033", "Ex033\Ex033.csproj", "{3DF1A705-35DC-4C8A-A6DB-B9EDC33B6D0A}"
EndProject
Project("{2150E333-8FDC-42A3-9474-1A3956D46DE8}") = "ExercicioFixacao015", "ExercicioFixacao015", "{6CFBA11E-C083-4345-A803-F50646DC8D83}"
EndProject
Project("{9A19103F-16F7-4668-BE54-9A1E7A4F7556}") = "Ex034", "Ex034\Ex034.csproj", "{78EA0780-B606-40F9-880E-CAD12A0BEF1D}"
EndProject
Project("{2150E333-8FDC-42A3-9474-1A3956D46DE8}") = "ExercicioFixacao016", "ExercicioFixacao016", "{371AA7B2-9D3D-4306-8C8A-134B93B2859C}"
EndProject
Project("{9A19103F-16F7-4668-BE54-9A1E7A4F7556}") = "Ex035", "Ex035\Ex035.csproj", "{A4C4A9D8-3322-41DE-85BF-0522D96170CD}"
EndProject
Project("{2150E333-8FDC-42A3-9474-1A3956D46DE8}") = "ExercicioFixacao017", "ExercicioFixacao017", "{F5DA48DA-06C5-4655-B9F3-B4751DDB1CDA}"
EndProject
Project("{9A19103F-16F7-4668-BE54-9A1E7A4F7556}") = "Ex036", "Ex036\Ex036.csproj", "{302F956A-8BA5-41FC-95D7-758CCE58988C}"
EndProject
Project("{2150E333-8FDC-42A3-9474-1A3956D46DE8}") = "ExercicioFixacao018", "ExercicioFixacao018", "{9C003E64-674A-4587-A1DB-4B8EA348E846}"
EndProject
Project("{9A19103F-16F7-4668-BE54-9A1E7A4F7556}") = "Ex037", "Ex037\Ex037.csproj", "{B9370B46-AF3F-4805-9A5F-A84DD4968E15}"
EndProject
Project("{2150E333-8FDC-42A3-9474-1A3956D46DE8}") = "ExercicioFixacao019", "ExercicioFixacao019", "{1BB298A3-3CC0-422F-ACB2-11F4D1F041FB}"
EndProject
Project("{9A19103F-16F7-4668-BE54-9A1E7A4F7556}") = "Ex038", "Ex038\Ex038.csproj", "{E33804C9-3576-489F-B165-A8C129D4E9EC}"
EndProject
Project("{2150E333-8FDC-42A3-9474-1A3956D46DE8}") = "ExercicioFixacao020", "ExercicioFixacao020", "{290F3560-DF11-4EA3-AD44-3718FE660D6D}"
EndProject
Project("{9A19103F-16F7-4668-BE54-9A1E7A4F7556}") = "Ex039", "Ex039\Ex039.csproj", "{DCAEBB10-62E0-416C-BC79-9B5F1EC083CA}"
EndProject
Project("{2150E333-8FDC-42A3-9474-1A3956D46DE8}") = "ExercicioFixacao021", "ExercicioFixacao021", "{A0642D51-DAA9-4CBA-8FC9-E53E58E695D9}"
EndProject
Project("{9A19103F-16F7-4668-BE54-9A1E7A4F7556}") = "Ex040", "Ex040\Ex040.csproj", "{6F8F117A-04F4-4A09-8773-3AE5EEF55C6A}"
EndProject
Project("{2150E333-8FDC-42A3-9474-1A3956D46DE8}") = "ExercicioFixacao022", "ExercicioFixacao022", "{93883A05-FCC6-4FAF-9AFC-58A7ABBA2ECA}"
EndProject
Project("{FAE04EC0-301F-11D3-BF4B-00C04F79EFBC}") = "Ex041", "Ex041\Ex041.csproj", "{4E1D54A6-C462-4177-9D9E-09629299C794}"
EndProject
Global
	GlobalSection(SolutionConfigurationPlatforms) = preSolution
		Debug|Any CPU = Debug|Any CPU
		Release|Any CPU = Release|Any CPU
	EndGlobalSection
	GlobalSection(ProjectConfigurationPlatforms) = postSolution
		{F44147BB-49B3-415A-B8DC-61DFB1B5EB5A}.Debug|Any CPU.ActiveCfg = Debug|Any CPU
		{F44147BB-49B3-415A-B8DC-61DFB1B5EB5A}.Debug|Any CPU.Build.0 = Debug|Any CPU
		{F44147BB-49B3-415A-B8DC-61DFB1B5EB5A}.Release|Any CPU.ActiveCfg = Release|Any CPU
		{F44147BB-49B3-415A-B8DC-61DFB1B5EB5A}.Release|Any CPU.Build.0 = Release|Any CPU
		{749B9A9C-29CF-4A01-889D-046D5EF169F5}.Debug|Any CPU.ActiveCfg = Debug|Any CPU
		{749B9A9C-29CF-4A01-889D-046D5EF169F5}.Debug|Any CPU.Build.0 = Debug|Any CPU
		{749B9A9C-29CF-4A01-889D-046D5EF169F5}.Release|Any CPU.ActiveCfg = Release|Any CPU
		{749B9A9C-29CF-4A01-889D-046D5EF169F5}.Release|Any CPU.Build.0 = Release|Any CPU
		{826F4716-5BA3-4514-B4B9-8483907FFA44}.Debug|Any CPU.ActiveCfg = Debug|Any CPU
		{826F4716-5BA3-4514-B4B9-8483907FFA44}.Debug|Any CPU.Build.0 = Debug|Any CPU
		{826F4716-5BA3-4514-B4B9-8483907FFA44}.Release|Any CPU.ActiveCfg = Release|Any CPU
		{826F4716-5BA3-4514-B4B9-8483907FFA44}.Release|Any CPU.Build.0 = Release|Any CPU
		{35CFDCA2-0305-49E3-953C-99E0D3BEC069}.Debug|Any CPU.ActiveCfg = Debug|Any CPU
		{35CFDCA2-0305-49E3-953C-99E0D3BEC069}.Debug|Any CPU.Build.0 = Debug|Any CPU
		{35CFDCA2-0305-49E3-953C-99E0D3BEC069}.Release|Any CPU.ActiveCfg = Release|Any CPU
		{35CFDCA2-0305-49E3-953C-99E0D3BEC069}.Release|Any CPU.Build.0 = Release|Any CPU
		{C702558D-D8C0-474F-B5A2-7CC4A1866263}.Debug|Any CPU.ActiveCfg = Debug|Any CPU
		{C702558D-D8C0-474F-B5A2-7CC4A1866263}.Debug|Any CPU.Build.0 = Debug|Any CPU
		{C702558D-D8C0-474F-B5A2-7CC4A1866263}.Release|Any CPU.ActiveCfg = Release|Any CPU
		{C702558D-D8C0-474F-B5A2-7CC4A1866263}.Release|Any CPU.Build.0 = Release|Any CPU
		{5905D125-F7CD-4A0B-AF2F-25A621A645AB}.Debug|Any CPU.ActiveCfg = Debug|Any CPU
		{5905D125-F7CD-4A0B-AF2F-25A621A645AB}.Debug|Any CPU.Build.0 = Debug|Any CPU
		{5905D125-F7CD-4A0B-AF2F-25A621A645AB}.Release|Any CPU.ActiveCfg = Release|Any CPU
		{5905D125-F7CD-4A0B-AF2F-25A621A645AB}.Release|Any CPU.Build.0 = Release|Any CPU
		{476347AA-F377-4971-8AAF-5FE28D60DA17}.Debug|Any CPU.ActiveCfg = Debug|Any CPU
		{476347AA-F377-4971-8AAF-5FE28D60DA17}.Debug|Any CPU.Build.0 = Debug|Any CPU
		{476347AA-F377-4971-8AAF-5FE28D60DA17}.Release|Any CPU.ActiveCfg = Release|Any CPU
		{476347AA-F377-4971-8AAF-5FE28D60DA17}.Release|Any CPU.Build.0 = Release|Any CPU
		{AF244F05-3958-4E87-80D3-4DE0B64B2ED6}.Debug|Any CPU.ActiveCfg = Debug|Any CPU
		{AF244F05-3958-4E87-80D3-4DE0B64B2ED6}.Debug|Any CPU.Build.0 = Debug|Any CPU
		{AF244F05-3958-4E87-80D3-4DE0B64B2ED6}.Release|Any CPU.ActiveCfg = Release|Any CPU
		{AF244F05-3958-4E87-80D3-4DE0B64B2ED6}.Release|Any CPU.Build.0 = Release|Any CPU
		{C8C9ADA9-2F45-4386-BBB0-F642BF8108D3}.Debug|Any CPU.ActiveCfg = Debug|Any CPU
		{C8C9ADA9-2F45-4386-BBB0-F642BF8108D3}.Debug|Any CPU.Build.0 = Debug|Any CPU
		{C8C9ADA9-2F45-4386-BBB0-F642BF8108D3}.Release|Any CPU.ActiveCfg = Release|Any CPU
		{C8C9ADA9-2F45-4386-BBB0-F642BF8108D3}.Release|Any CPU.Build.0 = Release|Any CPU
		{5AAE21B5-8416-4BD7-8548-36159C620625}.Debug|Any CPU.ActiveCfg = Debug|Any CPU
		{5AAE21B5-8416-4BD7-8548-36159C620625}.Debug|Any CPU.Build.0 = Debug|Any CPU
		{5AAE21B5-8416-4BD7-8548-36159C620625}.Release|Any CPU.ActiveCfg = Release|Any CPU
		{5AAE21B5-8416-4BD7-8548-36159C620625}.Release|Any CPU.Build.0 = Release|Any CPU
		{CD124DF1-4E85-472C-BFF6-4CF3FD896992}.Debug|Any CPU.ActiveCfg = Debug|Any CPU
		{CD124DF1-4E85-472C-BFF6-4CF3FD896992}.Debug|Any CPU.Build.0 = Debug|Any CPU
		{CD124DF1-4E85-472C-BFF6-4CF3FD896992}.Release|Any CPU.ActiveCfg = Release|Any CPU
		{CD124DF1-4E85-472C-BFF6-4CF3FD896992}.Release|Any CPU.Build.0 = Release|Any CPU
		{E47183A3-00C6-4524-B7E6-08389AA73241}.Debug|Any CPU.ActiveCfg = Debug|Any CPU
		{E47183A3-00C6-4524-B7E6-08389AA73241}.Debug|Any CPU.Build.0 = Debug|Any CPU
		{E47183A3-00C6-4524-B7E6-08389AA73241}.Release|Any CPU.ActiveCfg = Release|Any CPU
		{E47183A3-00C6-4524-B7E6-08389AA73241}.Release|Any CPU.Build.0 = Release|Any CPU
		{C3F5756E-F2A1-4362-A583-989ADE69925D}.Debug|Any CPU.ActiveCfg = Debug|Any CPU
		{C3F5756E-F2A1-4362-A583-989ADE69925D}.Debug|Any CPU.Build.0 = Debug|Any CPU
		{C3F5756E-F2A1-4362-A583-989ADE69925D}.Release|Any CPU.ActiveCfg = Release|Any CPU
		{C3F5756E-F2A1-4362-A583-989ADE69925D}.Release|Any CPU.Build.0 = Release|Any CPU
		{EB127E36-1CD2-407F-9162-07F3697EA0F0}.Debug|Any CPU.ActiveCfg = Debug|Any CPU
		{EB127E36-1CD2-407F-9162-07F3697EA0F0}.Debug|Any CPU.Build.0 = Debug|Any CPU
		{EB127E36-1CD2-407F-9162-07F3697EA0F0}.Release|Any CPU.ActiveCfg = Release|Any CPU
		{EB127E36-1CD2-407F-9162-07F3697EA0F0}.Release|Any CPU.Build.0 = Release|Any CPU
		{F2074677-01BD-482C-BB37-DB8158581259}.Debug|Any CPU.ActiveCfg = Debug|Any CPU
		{F2074677-01BD-482C-BB37-DB8158581259}.Debug|Any CPU.Build.0 = Debug|Any CPU
		{F2074677-01BD-482C-BB37-DB8158581259}.Release|Any CPU.ActiveCfg = Release|Any CPU
		{F2074677-01BD-482C-BB37-DB8158581259}.Release|Any CPU.Build.0 = Release|Any CPU
		{50BD9C70-F928-4033-ADB4-C316AFEC8089}.Debug|Any CPU.ActiveCfg = Debug|Any CPU
		{50BD9C70-F928-4033-ADB4-C316AFEC8089}.Debug|Any CPU.Build.0 = Debug|Any CPU
		{50BD9C70-F928-4033-ADB4-C316AFEC8089}.Release|Any CPU.ActiveCfg = Release|Any CPU
		{50BD9C70-F928-4033-ADB4-C316AFEC8089}.Release|Any CPU.Build.0 = Release|Any CPU
		{8BF6FAD3-24E4-4637-A2A8-266FBB3BA100}.Debug|Any CPU.ActiveCfg = Debug|Any CPU
		{8BF6FAD3-24E4-4637-A2A8-266FBB3BA100}.Debug|Any CPU.Build.0 = Debug|Any CPU
		{8BF6FAD3-24E4-4637-A2A8-266FBB3BA100}.Release|Any CPU.ActiveCfg = Release|Any CPU
		{8BF6FAD3-24E4-4637-A2A8-266FBB3BA100}.Release|Any CPU.Build.0 = Release|Any CPU
		{C7277FB3-E6ED-44ED-B202-6B478C4FBDFD}.Debug|Any CPU.ActiveCfg = Debug|Any CPU
		{C7277FB3-E6ED-44ED-B202-6B478C4FBDFD}.Debug|Any CPU.Build.0 = Debug|Any CPU
		{C7277FB3-E6ED-44ED-B202-6B478C4FBDFD}.Release|Any CPU.ActiveCfg = Release|Any CPU
		{C7277FB3-E6ED-44ED-B202-6B478C4FBDFD}.Release|Any CPU.Build.0 = Release|Any CPU
		{35BE0724-4AD0-4979-A19F-33E44E4D0005}.Debug|Any CPU.ActiveCfg = Debug|Any CPU
		{35BE0724-4AD0-4979-A19F-33E44E4D0005}.Debug|Any CPU.Build.0 = Debug|Any CPU
		{35BE0724-4AD0-4979-A19F-33E44E4D0005}.Release|Any CPU.ActiveCfg = Release|Any CPU
		{35BE0724-4AD0-4979-A19F-33E44E4D0005}.Release|Any CPU.Build.0 = Release|Any CPU
		{0B30106F-F66C-4D7D-9520-8C3AE557B3B4}.Debug|Any CPU.ActiveCfg = Debug|Any CPU
		{0B30106F-F66C-4D7D-9520-8C3AE557B3B4}.Debug|Any CPU.Build.0 = Debug|Any CPU
		{0B30106F-F66C-4D7D-9520-8C3AE557B3B4}.Release|Any CPU.ActiveCfg = Release|Any CPU
		{0B30106F-F66C-4D7D-9520-8C3AE557B3B4}.Release|Any CPU.Build.0 = Release|Any CPU
		{39E95EF7-DA82-45D2-B397-EDCEBF97CC01}.Debug|Any CPU.ActiveCfg = Debug|Any CPU
		{39E95EF7-DA82-45D2-B397-EDCEBF97CC01}.Debug|Any CPU.Build.0 = Debug|Any CPU
		{39E95EF7-DA82-45D2-B397-EDCEBF97CC01}.Release|Any CPU.ActiveCfg = Release|Any CPU
		{39E95EF7-DA82-45D2-B397-EDCEBF97CC01}.Release|Any CPU.Build.0 = Release|Any CPU
		{9E601D93-BEDD-43AA-8D92-7C618CBFD80C}.Debug|Any CPU.ActiveCfg = Debug|Any CPU
		{9E601D93-BEDD-43AA-8D92-7C618CBFD80C}.Debug|Any CPU.Build.0 = Debug|Any CPU
		{9E601D93-BEDD-43AA-8D92-7C618CBFD80C}.Release|Any CPU.ActiveCfg = Release|Any CPU
		{9E601D93-BEDD-43AA-8D92-7C618CBFD80C}.Release|Any CPU.Build.0 = Release|Any CPU
		{EB34E051-28BF-4ABF-8B7F-74A1F8241F9D}.Debug|Any CPU.ActiveCfg = Debug|Any CPU
		{EB34E051-28BF-4ABF-8B7F-74A1F8241F9D}.Debug|Any CPU.Build.0 = Debug|Any CPU
		{EB34E051-28BF-4ABF-8B7F-74A1F8241F9D}.Release|Any CPU.ActiveCfg = Release|Any CPU
		{EB34E051-28BF-4ABF-8B7F-74A1F8241F9D}.Release|Any CPU.Build.0 = Release|Any CPU
		{70F2887C-E40A-4DB6-9F2E-9B3A992C3EBA}.Debug|Any CPU.ActiveCfg = Debug|Any CPU
		{70F2887C-E40A-4DB6-9F2E-9B3A992C3EBA}.Debug|Any CPU.Build.0 = Debug|Any CPU
		{70F2887C-E40A-4DB6-9F2E-9B3A992C3EBA}.Release|Any CPU.ActiveCfg = Release|Any CPU
		{70F2887C-E40A-4DB6-9F2E-9B3A992C3EBA}.Release|Any CPU.Build.0 = Release|Any CPU
		{D9D9D8D8-9D2E-4BC0-83A9-277D4AC57E42}.Debug|Any CPU.ActiveCfg = Debug|Any CPU
		{D9D9D8D8-9D2E-4BC0-83A9-277D4AC57E42}.Debug|Any CPU.Build.0 = Debug|Any CPU
		{D9D9D8D8-9D2E-4BC0-83A9-277D4AC57E42}.Release|Any CPU.ActiveCfg = Release|Any CPU
		{D9D9D8D8-9D2E-4BC0-83A9-277D4AC57E42}.Release|Any CPU.Build.0 = Release|Any CPU
		{FE16A2A8-1CBF-4B51-8C03-7B98055E1D36}.Debug|Any CPU.ActiveCfg = Debug|Any CPU
		{FE16A2A8-1CBF-4B51-8C03-7B98055E1D36}.Debug|Any CPU.Build.0 = Debug|Any CPU
		{FE16A2A8-1CBF-4B51-8C03-7B98055E1D36}.Release|Any CPU.ActiveCfg = Release|Any CPU
		{FE16A2A8-1CBF-4B51-8C03-7B98055E1D36}.Release|Any CPU.Build.0 = Release|Any CPU
		{5B06C7ED-1200-4077-B663-1C85FC06C458}.Debug|Any CPU.ActiveCfg = Debug|Any CPU
		{5B06C7ED-1200-4077-B663-1C85FC06C458}.Debug|Any CPU.Build.0 = Debug|Any CPU
		{5B06C7ED-1200-4077-B663-1C85FC06C458}.Release|Any CPU.ActiveCfg = Release|Any CPU
		{5B06C7ED-1200-4077-B663-1C85FC06C458}.Release|Any CPU.Build.0 = Release|Any CPU
		{49A33B43-4847-494A-AE18-1BA529D3F15A}.Debug|Any CPU.ActiveCfg = Debug|Any CPU
		{49A33B43-4847-494A-AE18-1BA529D3F15A}.Debug|Any CPU.Build.0 = Debug|Any CPU
		{49A33B43-4847-494A-AE18-1BA529D3F15A}.Release|Any CPU.ActiveCfg = Release|Any CPU
		{49A33B43-4847-494A-AE18-1BA529D3F15A}.Release|Any CPU.Build.0 = Release|Any CPU
		{91A9BB63-2140-4BC3-9378-731E812EB45A}.Debug|Any CPU.ActiveCfg = Debug|Any CPU
		{91A9BB63-2140-4BC3-9378-731E812EB45A}.Debug|Any CPU.Build.0 = Debug|Any CPU
		{91A9BB63-2140-4BC3-9378-731E812EB45A}.Release|Any CPU.ActiveCfg = Release|Any CPU
		{91A9BB63-2140-4BC3-9378-731E812EB45A}.Release|Any CPU.Build.0 = Release|Any CPU
		{47EDBE2D-EE14-4E0F-8B10-7A5EBA6A7697}.Debug|Any CPU.ActiveCfg = Debug|Any CPU
		{47EDBE2D-EE14-4E0F-8B10-7A5EBA6A7697}.Debug|Any CPU.Build.0 = Debug|Any CPU
		{47EDBE2D-EE14-4E0F-8B10-7A5EBA6A7697}.Release|Any CPU.ActiveCfg = Release|Any CPU
		{47EDBE2D-EE14-4E0F-8B10-7A5EBA6A7697}.Release|Any CPU.Build.0 = Release|Any CPU
		{5802453E-4C76-41B5-B3FE-15849D5BB553}.Debug|Any CPU.ActiveCfg = Debug|Any CPU
		{5802453E-4C76-41B5-B3FE-15849D5BB553}.Debug|Any CPU.Build.0 = Debug|Any CPU
		{5802453E-4C76-41B5-B3FE-15849D5BB553}.Release|Any CPU.ActiveCfg = Release|Any CPU
		{5802453E-4C76-41B5-B3FE-15849D5BB553}.Release|Any CPU.Build.0 = Release|Any CPU
		{8124EA59-13A5-4D5A-9385-8251016F8B47}.Debug|Any CPU.ActiveCfg = Debug|Any CPU
		{8124EA59-13A5-4D5A-9385-8251016F8B47}.Debug|Any CPU.Build.0 = Debug|Any CPU
		{8124EA59-13A5-4D5A-9385-8251016F8B47}.Release|Any CPU.ActiveCfg = Release|Any CPU
		{8124EA59-13A5-4D5A-9385-8251016F8B47}.Release|Any CPU.Build.0 = Release|Any CPU
		{C2D33ECC-7002-43CF-B32D-00EE7A6C966F}.Debug|Any CPU.ActiveCfg = Debug|Any CPU
		{C2D33ECC-7002-43CF-B32D-00EE7A6C966F}.Debug|Any CPU.Build.0 = Debug|Any CPU
		{C2D33ECC-7002-43CF-B32D-00EE7A6C966F}.Release|Any CPU.ActiveCfg = Release|Any CPU
		{C2D33ECC-7002-43CF-B32D-00EE7A6C966F}.Release|Any CPU.Build.0 = Release|Any CPU
		{6D307343-B1F7-4FBC-A896-280688DEFD28}.Debug|Any CPU.ActiveCfg = Debug|Any CPU
		{6D307343-B1F7-4FBC-A896-280688DEFD28}.Debug|Any CPU.Build.0 = Debug|Any CPU
		{6D307343-B1F7-4FBC-A896-280688DEFD28}.Release|Any CPU.ActiveCfg = Release|Any CPU
		{6D307343-B1F7-4FBC-A896-280688DEFD28}.Release|Any CPU.Build.0 = Release|Any CPU
		{10FC1137-2259-4232-AA46-221F12D60AFE}.Debug|Any CPU.ActiveCfg = Debug|Any CPU
		{10FC1137-2259-4232-AA46-221F12D60AFE}.Debug|Any CPU.Build.0 = Debug|Any CPU
		{10FC1137-2259-4232-AA46-221F12D60AFE}.Release|Any CPU.ActiveCfg = Release|Any CPU
		{10FC1137-2259-4232-AA46-221F12D60AFE}.Release|Any CPU.Build.0 = Release|Any CPU
		{BF626A91-240A-4F17-9284-B4B8D6A2939F}.Debug|Any CPU.ActiveCfg = Debug|Any CPU
		{BF626A91-240A-4F17-9284-B4B8D6A2939F}.Debug|Any CPU.Build.0 = Debug|Any CPU
		{BF626A91-240A-4F17-9284-B4B8D6A2939F}.Release|Any CPU.ActiveCfg = Release|Any CPU
		{BF626A91-240A-4F17-9284-B4B8D6A2939F}.Release|Any CPU.Build.0 = Release|Any CPU
		{67BB4EB6-DC17-4E9E-95DC-2CD2C55A5634}.Debug|Any CPU.ActiveCfg = Debug|Any CPU
		{67BB4EB6-DC17-4E9E-95DC-2CD2C55A5634}.Debug|Any CPU.Build.0 = Debug|Any CPU
		{67BB4EB6-DC17-4E9E-95DC-2CD2C55A5634}.Release|Any CPU.ActiveCfg = Release|Any CPU
		{67BB4EB6-DC17-4E9E-95DC-2CD2C55A5634}.Release|Any CPU.Build.0 = Release|Any CPU
		{3DF1A705-35DC-4C8A-A6DB-B9EDC33B6D0A}.Debug|Any CPU.ActiveCfg = Debug|Any CPU
		{3DF1A705-35DC-4C8A-A6DB-B9EDC33B6D0A}.Debug|Any CPU.Build.0 = Debug|Any CPU
		{3DF1A705-35DC-4C8A-A6DB-B9EDC33B6D0A}.Release|Any CPU.ActiveCfg = Release|Any CPU
		{3DF1A705-35DC-4C8A-A6DB-B9EDC33B6D0A}.Release|Any CPU.Build.0 = Release|Any CPU
		{78EA0780-B606-40F9-880E-CAD12A0BEF1D}.Debug|Any CPU.ActiveCfg = Debug|Any CPU
		{78EA0780-B606-40F9-880E-CAD12A0BEF1D}.Debug|Any CPU.Build.0 = Debug|Any CPU
		{78EA0780-B606-40F9-880E-CAD12A0BEF1D}.Release|Any CPU.ActiveCfg = Release|Any CPU
		{78EA0780-B606-40F9-880E-CAD12A0BEF1D}.Release|Any CPU.Build.0 = Release|Any CPU
		{A4C4A9D8-3322-41DE-85BF-0522D96170CD}.Debug|Any CPU.ActiveCfg = Debug|Any CPU
		{A4C4A9D8-3322-41DE-85BF-0522D96170CD}.Debug|Any CPU.Build.0 = Debug|Any CPU
		{A4C4A9D8-3322-41DE-85BF-0522D96170CD}.Release|Any CPU.ActiveCfg = Release|Any CPU
		{A4C4A9D8-3322-41DE-85BF-0522D96170CD}.Release|Any CPU.Build.0 = Release|Any CPU
		{302F956A-8BA5-41FC-95D7-758CCE58988C}.Debug|Any CPU.ActiveCfg = Debug|Any CPU
		{302F956A-8BA5-41FC-95D7-758CCE58988C}.Debug|Any CPU.Build.0 = Debug|Any CPU
		{302F956A-8BA5-41FC-95D7-758CCE58988C}.Release|Any CPU.ActiveCfg = Release|Any CPU
		{302F956A-8BA5-41FC-95D7-758CCE58988C}.Release|Any CPU.Build.0 = Release|Any CPU
		{B9370B46-AF3F-4805-9A5F-A84DD4968E15}.Debug|Any CPU.ActiveCfg = Debug|Any CPU
		{B9370B46-AF3F-4805-9A5F-A84DD4968E15}.Debug|Any CPU.Build.0 = Debug|Any CPU
		{B9370B46-AF3F-4805-9A5F-A84DD4968E15}.Release|Any CPU.ActiveCfg = Release|Any CPU
		{B9370B46-AF3F-4805-9A5F-A84DD4968E15}.Release|Any CPU.Build.0 = Release|Any CPU
		{E33804C9-3576-489F-B165-A8C129D4E9EC}.Debug|Any CPU.ActiveCfg = Debug|Any CPU
		{E33804C9-3576-489F-B165-A8C129D4E9EC}.Debug|Any CPU.Build.0 = Debug|Any CPU
		{E33804C9-3576-489F-B165-A8C129D4E9EC}.Release|Any CPU.ActiveCfg = Release|Any CPU
		{E33804C9-3576-489F-B165-A8C129D4E9EC}.Release|Any CPU.Build.0 = Release|Any CPU
		{DCAEBB10-62E0-416C-BC79-9B5F1EC083CA}.Debug|Any CPU.ActiveCfg = Debug|Any CPU
		{DCAEBB10-62E0-416C-BC79-9B5F1EC083CA}.Debug|Any CPU.Build.0 = Debug|Any CPU
		{DCAEBB10-62E0-416C-BC79-9B5F1EC083CA}.Release|Any CPU.ActiveCfg = Release|Any CPU
		{DCAEBB10-62E0-416C-BC79-9B5F1EC083CA}.Release|Any CPU.Build.0 = Release|Any CPU
		{6F8F117A-04F4-4A09-8773-3AE5EEF55C6A}.Debug|Any CPU.ActiveCfg = Debug|Any CPU
		{6F8F117A-04F4-4A09-8773-3AE5EEF55C6A}.Debug|Any CPU.Build.0 = Debug|Any CPU
		{6F8F117A-04F4-4A09-8773-3AE5EEF55C6A}.Release|Any CPU.ActiveCfg = Release|Any CPU
		{6F8F117A-04F4-4A09-8773-3AE5EEF55C6A}.Release|Any CPU.Build.0 = Release|Any CPU
		{4E1D54A6-C462-4177-9D9E-09629299C794}.Debug|Any CPU.ActiveCfg = Debug|Any CPU
		{4E1D54A6-C462-4177-9D9E-09629299C794}.Debug|Any CPU.Build.0 = Debug|Any CPU
		{4E1D54A6-C462-4177-9D9E-09629299C794}.Release|Any CPU.ActiveCfg = Release|Any CPU
		{4E1D54A6-C462-4177-9D9E-09629299C794}.Release|Any CPU.Build.0 = Release|Any CPU
	EndGlobalSection
	GlobalSection(SolutionProperties) = preSolution
		HideSolutionNode = FALSE
	EndGlobalSection
	GlobalSection(NestedProjects) = preSolution
		{B02961E1-AA3C-475A-A365-E81DD270D71E} = {D723780B-5413-4A9D-A829-128E7D53B4F0}
		{F44147BB-49B3-415A-B8DC-61DFB1B5EB5A} = {2F2636F0-F25B-45C0-BF2F-C778D82CE2DF}
		{749B9A9C-29CF-4A01-889D-046D5EF169F5} = {2F2636F0-F25B-45C0-BF2F-C778D82CE2DF}
		{826F4716-5BA3-4514-B4B9-8483907FFA44} = {2F2636F0-F25B-45C0-BF2F-C778D82CE2DF}
		{35CFDCA2-0305-49E3-953C-99E0D3BEC069} = {2F2636F0-F25B-45C0-BF2F-C778D82CE2DF}
		{C702558D-D8C0-474F-B5A2-7CC4A1866263} = {2F2636F0-F25B-45C0-BF2F-C778D82CE2DF}
		{5905D125-F7CD-4A0B-AF2F-25A621A645AB} = {2F2636F0-F25B-45C0-BF2F-C778D82CE2DF}
		{476347AA-F377-4971-8AAF-5FE28D60DA17} = {0484A856-8246-4E6A-A549-88F9E26449B6}
		{AF244F05-3958-4E87-80D3-4DE0B64B2ED6} = {0484A856-8246-4E6A-A549-88F9E26449B6}
		{C8C9ADA9-2F45-4386-BBB0-F642BF8108D3} = {0484A856-8246-4E6A-A549-88F9E26449B6}
		{5AAE21B5-8416-4BD7-8548-36159C620625} = {0484A856-8246-4E6A-A549-88F9E26449B6}
		{CD124DF1-4E85-472C-BFF6-4CF3FD896992} = {0484A856-8246-4E6A-A549-88F9E26449B6}
		{E47183A3-00C6-4524-B7E6-08389AA73241} = {0484A856-8246-4E6A-A549-88F9E26449B6}
		{C3F5756E-F2A1-4362-A583-989ADE69925D} = {0484A856-8246-4E6A-A549-88F9E26449B6}
		{EB127E36-1CD2-407F-9162-07F3697EA0F0} = {E9C3EDDF-15EE-4CF1-9381-56FA185F993A}
		{F2074677-01BD-482C-BB37-DB8158581259} = {E9C3EDDF-15EE-4CF1-9381-56FA185F993A}
		{50BD9C70-F928-4033-ADB4-C316AFEC8089} = {E9C3EDDF-15EE-4CF1-9381-56FA185F993A}
		{8BF6FAD3-24E4-4637-A2A8-266FBB3BA100} = {348316BC-6750-4400-A407-4E64EB24B8C2}
		{C7277FB3-E6ED-44ED-B202-6B478C4FBDFD} = {348316BC-6750-4400-A407-4E64EB24B8C2}
		{35BE0724-4AD0-4979-A19F-33E44E4D0005} = {B02961E1-AA3C-475A-A365-E81DD270D71E}
		{0B30106F-F66C-4D7D-9520-8C3AE557B3B4} = {B02961E1-AA3C-475A-A365-E81DD270D71E}
		{39E95EF7-DA82-45D2-B397-EDCEBF97CC01} = {B02961E1-AA3C-475A-A365-E81DD270D71E}
		{9E601D93-BEDD-43AA-8D92-7C618CBFD80C} = {B02961E1-AA3C-475A-A365-E81DD270D71E}
		{EB34E051-28BF-4ABF-8B7F-74A1F8241F9D} = {B02961E1-AA3C-475A-A365-E81DD270D71E}
		{70F2887C-E40A-4DB6-9F2E-9B3A992C3EBA} = {B02961E1-AA3C-475A-A365-E81DD270D71E}
		{D9D9D8D8-9D2E-4BC0-83A9-277D4AC57E42} = {7BA40D3D-112D-4E56-8EF6-4331D5456C6B}
		{FE16A2A8-1CBF-4B51-8C03-7B98055E1D36} = {1178E766-C3E8-4B98-9369-0FA8EA1197F9}
		{5B06C7ED-1200-4077-B663-1C85FC06C458} = {D723780B-5413-4A9D-A829-128E7D53B4F0}
		{49A33B43-4847-494A-AE18-1BA529D3F15A} = {71C1CA4D-AA27-406E-B9F6-89C42FFE2C1D}
		{91A9BB63-2140-4BC3-9378-731E812EB45A} = {FC51FC85-D4AC-4D7A-BAA9-6118ACC58682}
		{47EDBE2D-EE14-4E0F-8B10-7A5EBA6A7697} = {2153C326-CEC7-4FFA-A068-0238B9CD501A}
		{5802453E-4C76-41B5-B3FE-15849D5BB553} = {2153C326-CEC7-4FFA-A068-0238B9CD501A}
		{8124EA59-13A5-4D5A-9385-8251016F8B47} = {2153C326-CEC7-4FFA-A068-0238B9CD501A}
		{C2D33ECC-7002-43CF-B32D-00EE7A6C966F} = {2153C326-CEC7-4FFA-A068-0238B9CD501A}
		{6D307343-B1F7-4FBC-A896-280688DEFD28} = {2153C326-CEC7-4FFA-A068-0238B9CD501A}
		{10FC1137-2259-4232-AA46-221F12D60AFE} = {4ADDA3B6-BBE5-49F8-B5F3-375632942CEB}
		{BF626A91-240A-4F17-9284-B4B8D6A2939F} = {7EA358AC-5658-4D4F-B88C-14C7FF546225}
		{67BB4EB6-DC17-4E9E-95DC-2CD2C55A5634} = {4FBED21B-0DF8-482F-B521-CC9781B4A7BF}
		{3DF1A705-35DC-4C8A-A6DB-B9EDC33B6D0A} = {FE7EC991-4867-4702-B937-423ED9F71DAF}
		{78EA0780-B606-40F9-880E-CAD12A0BEF1D} = {6CFBA11E-C083-4345-A803-F50646DC8D83}
		{A4C4A9D8-3322-41DE-85BF-0522D96170CD} = {371AA7B2-9D3D-4306-8C8A-134B93B2859C}
		{302F956A-8BA5-41FC-95D7-758CCE58988C} = {F5DA48DA-06C5-4655-B9F3-B4751DDB1CDA}
		{B9370B46-AF3F-4805-9A5F-A84DD4968E15} = {9C003E64-674A-4587-A1DB-4B8EA348E846}
		{E33804C9-3576-489F-B165-A8C129D4E9EC} = {1BB298A3-3CC0-422F-ACB2-11F4D1F041FB}
		{DCAEBB10-62E0-416C-BC79-9B5F1EC083CA} = {290F3560-DF11-4EA3-AD44-3718FE660D6D}
		{6F8F117A-04F4-4A09-8773-3AE5EEF55C6A} = {A0642D51-DAA9-4CBA-8FC9-E53E58E695D9}
		{4E1D54A6-C462-4177-9D9E-09629299C794} = {93883A05-FCC6-4FAF-9AFC-58A7ABBA2ECA}
	EndGlobalSection
	GlobalSection(ExtensibilityGlobals) = postSolution
		SolutionGuid = {A28FF7F4-8BE5-48FE-8527-39F1D36C4A2D}
	EndGlobalSection
EndGlobal
